
Microsoft Visual Studio Solution File, Format Version 12.00
# Visual Studio Version 17
VisualStudioVersion = 17.8.34322.80
MinimumVisualStudioVersion = 10.0.40219.1
Project("{FAE04EC0-301F-11D3-BF4B-00C04F79EFBC}") = "Week2", "Week2\Week2.csproj", "{EA37263A-67B7-4483-882C-10B653457D02}"
EndProject
Project("{FAE04EC0-301F-11D3-BF4B-00C04F79EFBC}") = "UserGenderValidation", "UserAgeValidation\UserGenderValidation.csproj", "{C424D67C-C9D2-447A-BE14-023F8D7A8B63}"
EndProject
Project("{FAE04EC0-301F-11D3-BF4B-00C04F79EFBC}") = "UserAgeValidation2", "UserAgeValidation2\UserAgeValidation2.csproj", "{11FEF398-5BC5-4045-901C-DD7BC07A8A39}"
EndProject
Global
	GlobalSection(SolutionConfigurationPlatforms) = preSolution
		Debug|Any CPU = Debug|Any CPU
		Release|Any CPU = Release|Any CPU
	EndGlobalSection
	GlobalSection(ProjectConfigurationPlatforms) = postSolution
		{EA37263A-67B7-4483-882C-10B653457D02}.Debug|Any CPU.ActiveCfg = Debug|Any CPU
		{EA37263A-67B7-4483-882C-10B653457D02}.Debug|Any CPU.Build.0 = Debug|Any CPU
		{EA37263A-67B7-4483-882C-10B653457D02}.Release|Any CPU.ActiveCfg = Release|Any CPU
		{EA37263A-67B7-4483-882C-10B653457D02}.Release|Any CPU.Build.0 = Release|Any CPU
		{C424D67C-C9D2-447A-BE14-023F8D7A8B63}.Debug|Any CPU.ActiveCfg = Debug|Any CPU
		{C424D67C-C9D2-447A-BE14-023F8D7A8B63}.Debug|Any CPU.Build.0 = Debug|Any CPU
		{C424D67C-C9D2-447A-BE14-023F8D7A8B63}.Release|Any CPU.ActiveCfg = Release|Any CPU
		{C424D67C-C9D2-447A-BE14-023F8D7A8B63}.Release|Any CPU.Build.0 = Release|Any CPU
		{11FEF398-5BC5-4045-901C-DD7BC07A8A39}.Debug|Any CPU.ActiveCfg = Debug|Any CPU
		{11FEF398-5BC5-4045-901C-DD7BC07A8A39}.Debug|Any CPU.Build.0 = Debug|Any CPU
		{11FEF398-5BC5-4045-901C-DD7BC07A8A39}.Release|Any CPU.ActiveCfg = Release|Any CPU
		{11FEF398-5BC5-4045-901C-DD7BC07A8A39}.Release|Any CPU.Build.0 = Release|Any CPU
	EndGlobalSection
	GlobalSection(SolutionProperties) = preSolution
		HideSolutionNode = FALSE
	EndGlobalSection
	GlobalSection(ExtensibilityGlobals) = postSolution
		SolutionGuid = {BE2D1AA8-803D-42B8-A741-4E1EBCF0DAE7}
	EndGlobalSection
EndGlobal
